// !$*UTF8*$!
{
	archiveVersion = 1;
	classes = {
	};
	objectVersion = 50;
	objects = {

/* Begin PBXBuildFile section */
		DA79EA2226EA396B007585E8 /* ModelDownloader.swift in Sources */ = {isa = PBXBuildFile; fileRef = DA79EA2126EA396B007585E8 /* ModelDownloader.swift */; };
		DA9202F426EA2730004A751C /* FoodClassifierApp.swift in Sources */ = {isa = PBXBuildFile; fileRef = DA9202F326EA2730004A751C /* FoodClassifierApp.swift */; };
		DA9202F626EA2731004A751C /* ContentView.swift in Sources */ = {isa = PBXBuildFile; fileRef = DA9202F526EA2730004A751C /* ContentView.swift */; };
		DA9202F826EA2732004A751C /* Assets.xcassets in Resources */ = {isa = PBXBuildFile; fileRef = DA9202F726EA2732004A751C /* Assets.xcassets */; };
		DA9202FB26EA2733004A751C /* Preview Assets.xcassets in Resources */ = {isa = PBXBuildFile; fileRef = DA9202FA26EA2733004A751C /* Preview Assets.xcassets */; };
		DA92030426EA2756004A751C /* FoodV1.mlmodel in Sources */ = {isa = PBXBuildFile; fileRef = DA92030326EA2756004A751C /* FoodV1.mlmodel */; };
		DA92030626EA2A56004A751C /* FoodItemView.swift in Sources */ = {isa = PBXBuildFile; fileRef = DA92030526EA2A56004A751C /* FoodItemView.swift */; };
		DA92030826EA2B8A004A751C /* Classifier.swift in Sources */ = {isa = PBXBuildFile; fileRef = DA92030726EA2B8A004A751C /* Classifier.swift */; };
		DA92030A26EA2E09004A751C /* NSImage+pixelBuffer.swift in Sources */ = {isa = PBXBuildFile; fileRef = DA92030926EA2E09004A751C /* NSImage+pixelBuffer.swift */; };
		DA92030C26EA2EB7004A751C /* FoodViewModel.swift in Sources */ = {isa = PBXBuildFile; fileRef = DA92030B26EA2EB7004A751C /* FoodViewModel.swift */; };
/* End PBXBuildFile section */

/* Begin PBXFileReference section */
		DA79EA2126EA396B007585E8 /* ModelDownloader.swift */ = {isa = PBXFileReference; lastKnownFileType = sourcecode.swift; path = ModelDownloader.swift; sourceTree = "<group>"; };
		DA9202F026EA2730004A751C /* FoodClassifier.app */ = {isa = PBXFileReference; explicitFileType = wrapper.application; includeInIndex = 0; path = FoodClassifier.app; sourceTree = BUILT_PRODUCTS_DIR; };
		DA9202F326EA2730004A751C /* FoodClassifierApp.swift */ = {isa = PBXFileReference; lastKnownFileType = sourcecode.swift; path = FoodClassifierApp.swift; sourceTree = "<group>"; };
		DA9202F526EA2730004A751C /* ContentView.swift */ = {isa = PBXFileReference; lastKnownFileType = sourcecode.swift; path = ContentView.swift; sourceTree = "<group>"; };
		DA9202F726EA2732004A751C /* Assets.xcassets */ = {isa = PBXFileReference; lastKnownFileType = folder.assetcatalog; path = Assets.xcassets; sourceTree = "<group>"; };
		DA9202FA26EA2733004A751C /* Preview Assets.xcassets */ = {isa = PBXFileReference; lastKnownFileType = folder.assetcatalog; path = "Preview Assets.xcassets"; sourceTree = "<group>"; };
		DA9202FC26EA2733004A751C /* Info.plist */ = {isa = PBXFileReference; lastKnownFileType = text.plist.xml; path = Info.plist; sourceTree = "<group>"; };
		DA9202FD26EA2733004A751C /* FoodClassifier.entitlements */ = {isa = PBXFileReference; lastKnownFileType = text.plist.entitlements; path = FoodClassifier.entitlements; sourceTree = "<group>"; };
		DA92030326EA2756004A751C /* FoodV1.mlmodel */ = {isa = PBXFileReference; lastKnownFileType = file.mlmodel; path = FoodV1.mlmodel; sourceTree = "<group>"; };
		DA92030526EA2A56004A751C /* FoodItemView.swift */ = {isa = PBXFileReference; lastKnownFileType = sourcecode.swift; path = FoodItemView.swift; sourceTree = "<group>"; };
		DA92030726EA2B8A004A751C /* Classifier.swift */ = {isa = PBXFileReference; lastKnownFileType = sourcecode.swift; path = Classifier.swift; sourceTree = "<group>"; };
		DA92030926EA2E09004A751C /* NSImage+pixelBuffer.swift */ = {isa = PBXFileReference; lastKnownFileType = sourcecode.swift; path = "NSImage+pixelBuffer.swift"; sourceTree = "<group>"; };
		DA92030B26EA2EB7004A751C /* FoodViewModel.swift */ = {isa = PBXFileReference; lastKnownFileType = sourcecode.swift; path = FoodViewModel.swift; sourceTree = "<group>"; };
/* End PBXFileReference section */

/* Begin PBXFrameworksBuildPhase section */
		DA9202ED26EA2730004A751C /* Frameworks */ = {
			isa = PBXFrameworksBuildPhase;
			buildActionMask = 2147483647;
			files = (
			);
			runOnlyForDeploymentPostprocessing = 0;
		};
/* End PBXFrameworksBuildPhase section */

/* Begin PBXGroup section */
		DA9202E726EA2730004A751C = {
			isa = PBXGroup;
			children = (
				DA9202F226EA2730004A751C /* FoodClassifier */,
				DA9202F126EA2730004A751C /* Products */,
			);
			sourceTree = "<group>";
		};
		DA9202F126EA2730004A751C /* Products */ = {
			isa = PBXGroup;
			children = (
				DA9202F026EA2730004A751C /* FoodClassifier.app */,
			);
			name = Products;
			sourceTree = "<group>";
		};
		DA9202F226EA2730004A751C /* FoodClassifier */ = {
			isa = PBXGroup;
			children = (
				DA92030326EA2756004A751C /* FoodV1.mlmodel */,
				DA9202F326EA2730004A751C /* FoodClassifierApp.swift */,
				DA9202F526EA2730004A751C /* ContentView.swift */,
				DA9202F726EA2732004A751C /* Assets.xcassets */,
				DA9202FC26EA2733004A751C /* Info.plist */,
				DA9202FD26EA2733004A751C /* FoodClassifier.entitlements */,
				DA9202F926EA2733004A751C /* Preview Content */,
				DA92030526EA2A56004A751C /* FoodItemView.swift */,
				DA92030726EA2B8A004A751C /* Classifier.swift */,
				DA92030926EA2E09004A751C /* NSImage+pixelBuffer.swift */,
				DA92030B26EA2EB7004A751C /* FoodViewModel.swift */,
				DA79EA2126EA396B007585E8 /* ModelDownloader.swift */,
			);
			path = FoodClassifier;
			sourceTree = "<group>";
		};
		DA9202F926EA2733004A751C /* Preview Content */ = {
			isa = PBXGroup;
			children = (
				DA9202FA26EA2733004A751C /* Preview Assets.xcassets */,
			);
			path = "Preview Content";
			sourceTree = "<group>";
		};
/* End PBXGroup section */

/* Begin PBXNativeTarget section */
		DA9202EF26EA2730004A751C /* FoodClassifier */ = {
			isa = PBXNativeTarget;
			buildConfigurationList = DA92030026EA2733004A751C /* Build configuration list for PBXNativeTarget "FoodClassifier" */;
			buildPhases = (
				DA9202EC26EA2730004A751C /* Sources */,
				DA9202ED26EA2730004A751C /* Frameworks */,
				DA9202EE26EA2730004A751C /* Resources */,
			);
			buildRules = (
			);
			dependencies = (
			);
			name = FoodClassifier;
			productName = FoodClassifier;
			productReference = DA9202F026EA2730004A751C /* FoodClassifier.app */;
			productType = "com.apple.product-type.application";
		};
/* End PBXNativeTarget section */

/* Begin PBXProject section */
		DA9202E826EA2730004A751C /* Project object */ = {
			isa = PBXProject;
			attributes = {
				LastSwiftUpdateCheck = 1250;
				LastUpgradeCheck = 1250;
				TargetAttributes = {
					DA9202EF26EA2730004A751C = {
						CreatedOnToolsVersion = 12.5.1;
					};
				};
			};
			buildConfigurationList = DA9202EB26EA2730004A751C /* Build configuration list for PBXProject "FoodClassifier" */;
			compatibilityVersion = "Xcode 9.3";
			developmentRegion = en;
			hasScannedForEncodings = 0;
			knownRegions = (
				en,
				Base,
			);
			mainGroup = DA9202E726EA2730004A751C;
			productRefGroup = DA9202F126EA2730004A751C /* Products */;
			projectDirPath = "";
			projectRoot = "";
			targets = (
				DA9202EF26EA2730004A751C /* FoodClassifier */,
			);
		};
/* End PBXProject section */

/* Begin PBXResourcesBuildPhase section */
		DA9202EE26EA2730004A751C /* Resources */ = {
			isa = PBXResourcesBuildPhase;
			buildActionMask = 2147483647;
			files = (
				DA9202FB26EA2733004A751C /* Preview Assets.xcassets in Resources */,
				DA9202F826EA2732004A751C /* Assets.xcassets in Resources */,
			);
			runOnlyForDeploymentPostprocessing = 0;
		};
/* End PBXResourcesBuildPhase section */

/* Begin PBXSourcesBuildPhase section */
		DA9202EC26EA2730004A751C /* Sources */ = {
			isa = PBXSourcesBuildPhase;
			buildActionMask = 2147483647;
			files = (
				DA79EA2226EA396B007585E8 /* ModelDownloader.swift in Sources */,
				DA92030826EA2B8A004A751C /* Classifier.swift in Sources */,
				DA9202F626EA2731004A751C /* ContentView.swift in Sources */,
				DA92030426EA2756004A751C /* FoodV1.mlmodel in Sources */,
				DA9202F426EA2730004A751C /* FoodClassifierApp.swift in Sources */,
				DA92030626EA2A56004A751C /* FoodItemView.swift in Sources */,
				DA92030A26EA2E09004A751C /* NSImage+pixelBuffer.swift in Sources */,
				DA92030C26EA2EB7004A751C /* FoodViewModel.swift in Sources */,
			);
			runOnlyForDeploymentPostprocessing = 0;
		};
/* End PBXSourcesBuildPhase section */

/* Begin XCBuildConfiguration section */
		DA9202FE26EA2733004A751C /* Debug */ = {
			isa = XCBuildConfiguration;
			buildSettings = {
				ALWAYS_SEARCH_USER_PATHS = NO;
				CLANG_ANALYZER_NONNULL = YES;
				CLANG_ANALYZER_NUMBER_OBJECT_CONVERSION = YES_AGGRESSIVE;
				CLANG_CXX_LANGUAGE_STANDARD = "gnu++14";
				CLANG_CXX_LIBRARY = "libc++";
				CLANG_ENABLE_MODULES = YES;
				CLANG_ENABLE_OBJC_ARC = YES;
				CLANG_ENABLE_OBJC_WEAK = YES;
				CLANG_WARN_BLOCK_CAPTURE_AUTORELEASING = YES;
				CLANG_WARN_BOOL_CONVERSION = YES;
				CLANG_WARN_COMMA = YES;
				CLANG_WARN_CONSTANT_CONVERSION = YES;
				CLANG_WARN_DEPRECATED_OBJC_IMPLEMENTATIONS = YES;
				CLANG_WARN_DIRECT_OBJC_ISA_USAGE = YES_ERROR;
				CLANG_WARN_DOCUMENTATION_COMMENTS = YES;
				CLANG_WARN_EMPTY_BODY = YES;
				CLANG_WARN_ENUM_CONVERSION = YES;
				CLANG_WARN_INFINITE_RECURSION = YES;
				CLANG_WARN_INT_CONVERSION = YES;
				CLANG_WARN_NON_LITERAL_NULL_CONVERSION = YES;
				CLANG_WARN_OBJC_IMPLICIT_RETAIN_SELF = YES;
				CLANG_WARN_OBJC_LITERAL_CONVERSION = YES;
				CLANG_WARN_OBJC_ROOT_CLASS = YES_ERROR;
				CLANG_WARN_QUOTED_INCLUDE_IN_FRAMEWORK_HEADER = YES;
				CLANG_WARN_RANGE_LOOP_ANALYSIS = YES;
				CLANG_WARN_STRICT_PROTOTYPES = YES;
				CLANG_WARN_SUSPICIOUS_MOVE = YES;
				CLANG_WARN_UNGUARDED_AVAILABILITY = YES_AGGRESSIVE;
				CLANG_WARN_UNREACHABLE_CODE = YES;
				CLANG_WARN__DUPLICATE_METHOD_MATCH = YES;
				COPY_PHASE_STRIP = NO;
				DEBUG_INFORMATION_FORMAT = dwarf;
				ENABLE_STRICT_OBJC_MSGSEND = YES;
				ENABLE_TESTABILITY = YES;
				GCC_C_LANGUAGE_STANDARD = gnu11;
				GCC_DYNAMIC_NO_PIC = NO;
				GCC_NO_COMMON_BLOCKS = YES;
				GCC_OPTIMIZATION_LEVEL = 0;
				GCC_PREPROCESSOR_DEFINITIONS = (
					"DEBUG=1",
					"$(inherited)",
				);
				GCC_WARN_64_TO_32_BIT_CONVERSION = YES;
				GCC_WARN_ABOUT_RETURN_TYPE = YES_ERROR;
				GCC_WARN_UNDECLARED_SELECTOR = YES;
				GCC_WARN_UNINITIALIZED_AUTOS = YES_AGGRESSIVE;
				GCC_WARN_UNUSED_FUNCTION = YES;
				GCC_WARN_UNUSED_VARIABLE = YES;
				MACOSX_DEPLOYMENT_TARGET = 11.3;
				MTL_ENABLE_DEBUG_INFO = INCLUDE_SOURCE;
				MTL_FAST_MATH = YES;
				ONLY_ACTIVE_ARCH = YES;
				SDKROOT = macosx;
				SWIFT_ACTIVE_COMPILATION_CONDITIONS = DEBUG;
				SWIFT_OPTIMIZATION_LEVEL = "-Onone";
			};
			name = Debug;
		};
		DA9202FF26EA2733004A751C /* Release */ = {
			isa = XCBuildConfiguration;
			buildSettings = {
				ALWAYS_SEARCH_USER_PATHS = NO;
				CLANG_ANALYZER_NONNULL = YES;
				CLANG_ANALYZER_NUMBER_OBJECT_CONVERSION = YES_AGGRESSIVE;
				CLANG_CXX_LANGUAGE_STANDARD = "gnu++14";
				CLANG_CXX_LIBRARY = "libc++";
				CLANG_ENABLE_MODULES = YES;
				CLANG_ENABLE_OBJC_ARC = YES;
				CLANG_ENABLE_OBJC_WEAK = YES;
				CLANG_WARN_BLOCK_CAPTURE_AUTORELEASING = YES;
				CLANG_WARN_BOOL_CONVERSION = YES;
				CLANG_WARN_COMMA = YES;
				CLANG_WARN_CONSTANT_CONVERSION = YES;
				CLANG_WARN_DEPRECATED_OBJC_IMPLEMENTATIONS = YES;
				CLANG_WARN_DIRECT_OBJC_ISA_USAGE = YES_ERROR;
				CLANG_WARN_DOCUMENTATION_COMMENTS = YES;
				CLANG_WARN_EMPTY_BODY = YES;
				CLANG_WARN_ENUM_CONVERSION = YES;
				CLANG_WARN_INFINITE_RECURSION = YES;
				CLANG_WARN_INT_CONVERSION = YES;
				CLANG_WARN_NON_LITERAL_NULL_CONVERSION = YES;
				CLANG_WARN_OBJC_IMPLICIT_RETAIN_SELF = YES;
				CLANG_WARN_OBJC_LITERAL_CONVERSION = YES;
				CLANG_WARN_OBJC_ROOT_CLASS = YES_ERROR;
				CLANG_WARN_QUOTED_INCLUDE_IN_FRAMEWORK_HEADER = YES;
				CLANG_WARN_RANGE_LOOP_ANALYSIS = YES;
				CLANG_WARN_STRICT_PROTOTYPES = YES;
				CLANG_WARN_SUSPICIOUS_MOVE = YES;
				CLANG_WARN_UNGUARDED_AVAILABILITY = YES_AGGRESSIVE;
				CLANG_WARN_UNREACHABLE_CODE = YES;
				CLANG_WARN__DUPLICATE_METHOD_MATCH = YES;
				COPY_PHASE_STRIP = NO;
				DEBUG_INFORMATION_FORMAT = "dwarf-with-dsym";
				ENABLE_NS_ASSERTIONS = NO;
				ENABLE_STRICT_OBJC_MSGSEND = YES;
				GCC_C_LANGUAGE_STANDARD = gnu11;
				GCC_NO_COMMON_BLOCKS = YES;
				GCC_WARN_64_TO_32_BIT_CONVERSION = YES;
				GCC_WARN_ABOUT_RETURN_TYPE = YES_ERROR;
				GCC_WARN_UNDECLARED_SELECTOR = YES;
				GCC_WARN_UNINITIALIZED_AUTOS = YES_AGGRESSIVE;
				GCC_WARN_UNUSED_FUNCTION = YES;
				GCC_WARN_UNUSED_VARIABLE = YES;
				MACOSX_DEPLOYMENT_TARGET = 11.3;
				MTL_ENABLE_DEBUG_INFO = NO;
				MTL_FAST_MATH = YES;
				SDKROOT = macosx;
				SWIFT_COMPILATION_MODE = wholemodule;
				SWIFT_OPTIMIZATION_LEVEL = "-O";
			};
			name = Release;
		};
		DA92030126EA2733004A751C /* Debug */ = {
			isa = XCBuildConfiguration;
			buildSettings = {
				ASSETCATALOG_COMPILER_APPICON_NAME = AppIcon;
				ASSETCATALOG_COMPILER_GLOBAL_ACCENT_COLOR_NAME = AccentColor;
				CODE_SIGN_ENTITLEMENTS = FoodClassifier/FoodClassifier.entitlements;
				CODE_SIGN_STYLE = Automatic;
				COMBINE_HIDPI_IMAGES = YES;
				DEVELOPMENT_ASSET_PATHS = "\"FoodClassifier/Preview Content\"";
				ENABLE_PREVIEWS = YES;
				INFOPLIST_FILE = FoodClassifier/Info.plist;
				LD_RUNPATH_SEARCH_PATHS = (
					"$(inherited)",
					"@executable_path/../Frameworks",
				);
				MACOSX_DEPLOYMENT_TARGET = 11.0;
				PRODUCT_BUNDLE_IDENTIFIER = com.test.FoodClassifier;
				PRODUCT_NAME = "$(TARGET_NAME)";
				SWIFT_VERSION = 5.0;
			};
			name = Debug;
		};
		DA92030226EA2733004A751C /* Release */ = {
			isa = XCBuildConfiguration;
			buildSettings = {
				ASSETCATALOG_COMPILER_APPICON_NAME = AppIcon;
				ASSETCATALOG_COMPILER_GLOBAL_ACCENT_COLOR_NAME = AccentColor;
				CODE_SIGN_ENTITLEMENTS = FoodClassifier/FoodClassifier.entitlements;
				CODE_SIGN_STYLE = Automatic;
				COMBINE_HIDPI_IMAGES = YES;
				DEVELOPMENT_ASSET_PATHS = "\"FoodClassifier/Preview Content\"";
				ENABLE_PREVIEWS = YES;
				INFOPLIST_FILE = FoodClassifier/Info.plist;
				LD_RUNPATH_SEARCH_PATHS = (
					"$(inherited)",
					"@executable_path/../Frameworks",
				);
				MACOSX_DEPLOYMENT_TARGET = 11.0;
				PRODUCT_BUNDLE_IDENTIFIER = com.test.FoodClassifier;
				PRODUCT_NAME = "$(TARGET_NAME)";
				SWIFT_VERSION = 5.0;
			};
			name = Release;
		};
/* End XCBuildConfiguration section */

/* Begin XCConfigurationList section */
		DA9202EB26EA2730004A751C /* Build configuration list for PBXProject "FoodClassifier" */ = {
			isa = XCConfigurationList;
			buildConfigurations = (
				DA9202FE26EA2733004A751C /* Debug */,
				DA9202FF26EA2733004A751C /* Release */,
			);
			defaultConfigurationIsVisible = 0;
			defaultConfigurationName = Release;
		};
		DA92030026EA2733004A751C /* Build configuration list for PBXNativeTarget "FoodClassifier" */ = {
			isa = XCConfigurationList;
			buildConfigurations = (
				DA92030126EA2733004A751C /* Debug */,
				DA92030226EA2733004A751C /* Release */,
			);
			defaultConfigurationIsVisible = 0;
			defaultConfigurationName = Release;
		};
/* End XCConfigurationList section */
	};
	rootObject = DA9202E826EA2730004A751C /* Project object */;
}
